# auto-generated by /roadmap. DO NOT EDIT BY HAND.
# only mutable via `/roadmap relock` with explicit user confirm.
generated: 2026-05-27
session-hash: backfill-2026-05-27
note: lock was missing at refine time; goalposts for streams A-M backfilled
      verbatim from docs/roadmap.md (created 2026-05-23). Goalposts for new
      streams N-T captured from scoping call on 2026-05-27.

goalposts:
  - id: G1
    stream: A
    text: "First real A/B treatment experiment runs end-to-end with a decision logged."
    quoted-at: 2026-05-23
    measurable-signal: "win/loss/inconclusive verdict written to reports/experiments/ for at least one non-A/A experiment"

  - id: G2
    stream: B
    text: "Homepage looks like a magazine, not a database inventory. Reader's first impression matches the quality of the corpus."
    quoted-at: 2026-05-23
    measurable-signal: "HITL visual sign-off from Pranjal"

  - id: G3
    stream: C
    text: "A public page on tech-econ.com that explains how the site works, in plain English, with diagrams."
    quoted-at: 2026-05-23
    measurable-signal: "/site/ page live on tech-econ.com with 8 tabs (Ingestion → Experiments) shipped + HITL sign-off"

  - id: G4
    stream: D
    text: "Documentation tells the truth about the current state of the code."
    quoted-at: 2026-05-23
    measurable-signal: "stream marked done 2026-05-24 (all 5 items verified)"

  - id: G5
    stream: E
    text: "Recommendation candidates come from multiple retrieval channels, not a single ranked list."
    quoted-at: 2026-05-23
    measurable-signal: "build_candidate_sources.py emits ≥4 channel pools per surface; A/B vs single-channel shows ≥+5% NDCG@10"

  - id: G6
    stream: F
    text: "Cold-start scoring uses k-NN BGE by default, not the regression fallback."
    quoted-at: 2026-05-23
    measurable-signal: "data/recsys_config.json default flipped + smoke-test homepage passes + ≥3 metrics.csv rows at same holdout_days"

  - id: G7
    stream: G
    text: "Homepage feels alive. Motion, hover, hero animation."
    quoted-at: 2026-05-23
    measurable-signal: "HITL visual sign-off after Stream B Direction 1 ships"

  - id: G8
    stream: H
    text: "Three more transparency tabs published."
    quoted-at: 2026-05-23
    measurable-signal: "Tabs 2 (Storage), 3 (Processing), 4 (Recsys surfaces) live on /site/ after Stream C audit"

  - id: G9
    stream: M
    text: "`/slides/` (linked from About) reflects the eight Under The Hood tabs (Ingestion → Storage → Processing → Recsys → How Recs Work → How A/B Works → Performance → Experiments). One slide per tab, mirroring the prose voice + SVG diagrams already shipped at `/site/`."
    quoted-at: 2026-05-23
    measurable-signal: "data/site_content.json shared source-of-truth + layouts/slides/list.html ranges over it + dark cinematic theme preserved"

  - id: G10
    stream: N
    text: "Every card on the site has either a real image, a meaningful generated image, or a deliberate-looking favicon fallback. No raw initials-on-gradient placeholders."
    quoted-at: 2026-05-27
    measurable-signal: "spot-check 50 random cards across all 8 content types; ≥95% have a real-or-generated image; 0 raw initials-on-gradient placeholders"

  - id: G11
    stream: O
    text: "Search handles misspellings, recognizes query intent (lookup vs browse vs learn), and produces useful results for users with zero history."
    quoted-at: 2026-05-27
    measurable-signal: "offline NDCG@10 on misspelled-query test set ≥0.5; intent classifier validated against labelled holdout; hot-start ranker beats popularity baseline on zero-history sessions"

  - id: G12
    stream: P
    text: "Running concurrent treatments is routine. Sequential-test math is correct (no peeking inflation). Replay eval rebuilds automatically when new D1 data arrives."
    quoted-at: 2026-05-27
    measurable-signal: "≥2 concurrent experiments live + sequential test math documented + cron-driven replay refresh visible in dashboard"

  - id: G13
    stream: Q
    text: "Auto-added items maintain median model_score parity (within 10%) with human-curated items, measured 60 days post-add."
    quoted-at: 2026-05-27
    measurable-signal: "60-day post-add audit job reports median model_score(auto) / median model_score(human) ∈ [0.9, 1.1]"

  - id: G14
    stream: R
    text: "No item with model_score <0.15 AND high_imp_no_click for 60 days remains live. Archive (not delete) is the only path out."
    quoted-at: 2026-05-27
    measurable-signal: "scripts/prune_content.py flagger produces review CSV; HITL-approved items moved to data/archive/; audit trail preserved"

  - id: G15
    stream: S.1
    text: "`recsys_config.json` weights (click, impression, dwell, scroll, freshness decay, MMR λ, etc.) are tuned by Bayesian optimization against offline NDCG@10 — not hand-set."
    quoted-at: 2026-05-27
    measurable-signal: "scripts/tune_recsys.py emits top-1 config; offline NDCG@10 ≥ baseline; HITL-gated write to data/recsys_config.json"

  - id: G16
    stream: S.2
    text: "Homepage row composition is solved as a global constrained-assignment ILP — not as N independent MMR passes. Candidates from Stream E's multi-channel retrieval get assigned to ~48 positions (6 rows × 8 slots) under per-row diversity + cross-row type balance + freshness floor + no-duplicate constraints, maximizing summed predicted CTR."
    quoted-at: 2026-05-27
    measurable-signal: "lib/slot_assignment.py solves ILP; scripts/optimize_homepage.py driver wired; A/B vs per-row MMR baseline shows non-negative NDCG@10 delta"

  - id: G17
    stream: T
    text: "Every scheduled GitHub Actions workflow either succeeds or fails loud (paged), never silently. Zero crashes across a rolling 14-day window."
    quoted-at: 2026-05-27
    measurable-signal: "all 8 workflows green over rolling 14d; failure-notification meta-workflow alerts on first-failure"
